
Microsoft Visual Studio Solution File, Format Version 12.00
# Visual Studio 2012
Project("{FAE04EC0-301F-11D3-BF4B-00C04F79EFBC}") = "CC.Web", "CC.Web\CC.Web.csproj", "{BCA70BA5-53FE-446F-B38A-B4453DDDEE02}"
EndProject
Global
	GlobalSection(SolutionConfigurationPlatforms) = preSolution
		Debug|Any CPU = Debug|Any CPU
		Release|Any CPU = Release|Any CPU
	EndGlobalSection
	GlobalSection(ProjectConfigurationPlatforms) = postSolution
		{BCA70BA5-53FE-446F-B38A-B4453DDDEE02}.Debug|Any CPU.ActiveCfg = Debug|Any CPU
		{BCA70BA5-53FE-446F-B38A-B4453DDDEE02}.Debug|Any CPU.Build.0 = Debug|Any CPU
		{BCA70BA5-53FE-446F-B38A-B4453DDDEE02}.Release|Any CPU.ActiveCfg = Release|Any CPU
		{BCA70BA5-53FE-446F-B38A-B4453DDDEE02}.Release|Any CPU.Build.0 = Release|Any CPU
	EndGlobalSection
	GlobalSection(SolutionProperties) = preSolution
		HideSolutionNode = FALSE
	EndGlobalSection
EndGlobal
